
Microsoft Visual Studio Solution File, Format Version 11.00
# Visual Studio 2010
Project("{FAE04EC0-301F-11D3-BF4B-00C04F79EFBC}") = "UserRegistrationSimulation", "UserRegistrationSimulation.csproj", "{CBB1B8A7-AE9B-40DF-A35D-15424024548F}"
EndProject
Global
	GlobalSection(SolutionConfigurationPlatforms) = preSolution
		Debug|Any CPU = Debug|Any CPU
		Release|Any CPU = Release|Any CPU
	EndGlobalSection
	GlobalSection(ProjectConfigurationPlatforms) = postSolution
		{CBB1B8A7-AE9B-40DF-A35D-15424024548F}.Debug|Any CPU.ActiveCfg = Debug|Any CPU
		{CBB1B8A7-AE9B-40DF-A35D-15424024548F}.Debug|Any CPU.Build.0 = Debug|Any CPU
		{CBB1B8A7-AE9B-40DF-A35D-15424024548F}.Release|Any CPU.ActiveCfg = Release|Any CPU
		{CBB1B8A7-AE9B-40DF-A35D-15424024548F}.Release|Any CPU.Build.0 = Release|Any CPU
	EndGlobalSection
	GlobalSection(SolutionProperties) = preSolution
		HideSolutionNode = FALSE
	EndGlobalSection
EndGlobal
